{
  "name": "formatjs-swc-error",
  "lockfileVersion": 2,
  "requires": true,
  "packages": {
    "": {
      "name": "formatjs-swc-error",
      "dependencies": {
        "@formatjs/swc-plugin": "*",
        "@swc/core": "*"
      }
    },
    "node_modules/@formatjs/ecma402-abstract": {
      "version": "1.11.8",
      "resolved": "https://registry.npmjs.org/@formatjs/ecma402-abstract/-/ecma402-abstract-1.11.8.tgz",
      "integrity": "sha512-fgLqyWlwmTEuqV/TSLEL/t9JOmHNLFvCdgzXB0jc2w+WOItPCOJ1T0eyN6fQBQKRPfSqqNlu+kWj7ijcOVTVVQ==",
      "dependencies": {
        "@formatjs/intl-localematcher": "0.2.28",
        "tslib": "2.4.0"
      }
    },
    "node_modules/@formatjs/icu-messageformat-parser": {
      "version": "2.1.4",
      "resolved": "https://registry.npmjs.org/@formatjs/icu-messageformat-parser/-/icu-messageformat-parser-2.1.4.tgz",
      "integrity": "sha512-3PqMvKWV1oyok0BuiXUAHIaotdhdTJw6OICqCZbfUgKT+ZRwRWO4IlCgvXJeCITaKS5p+PY0XXKjf/vUyIpWjQ==",
      "dependencies": {
        "@formatjs/ecma402-abstract": "1.11.8",
        "@formatjs/icu-skeleton-parser": "1.3.10",
        "tslib": "2.4.0"
      }
    },
    "node_modules/@formatjs/icu-skeleton-parser": {
      "version": "1.3.10",
      "resolved": "https://registry.npmjs.org/@formatjs/icu-skeleton-parser/-/icu-skeleton-parser-1.3.10.tgz",
      "integrity": "sha512-kXJmtLDqFF5aLTf8IxdJXnhrIX1Qb4Qp3a9jqRecGDYfzOa9hMhi9U0nKyhrJJ4cXxBzptcgb+LWkyeHL6nlBQ==",
      "dependencies": {
        "@formatjs/ecma402-abstract": "1.11.8",
        "tslib": "2.4.0"
      }
    },
    "node_modules/@formatjs/intl-localematcher": {
      "version": "0.2.28",
      "resolved": "https://registry.npmjs.org/@formatjs/intl-localematcher/-/intl-localematcher-0.2.28.tgz",
      "integrity": "sha512-FLsc6Gifs1np/8HnCn/7Q+lHMmenrD5fuDhRT82yj0gi9O19kfaFwjQUw1gZsyILuRyT93GuzdifHj7TKRhBcw==",
      "dependencies": {
        "tslib": "2.4.0"
      }
    },
    "node_modules/@formatjs/swc-plugin": {
      "version": "1.4.6",
      "resolved": "https://registry.npmjs.org/@formatjs/swc-plugin/-/swc-plugin-1.4.6.tgz",
      "integrity": "sha512-aXGyiBgY35kYlWp0jBty2/CimiPFNrhVml2pMCJW73WjcZM+JORAJa+Q0PO58R2P9Y3iS//Ng7I5/g3WHWJgJg==",
      "dependencies": {
        "@formatjs/icu-messageformat-parser": "2.1.4",
        "@formatjs/ts-transformer": "3.9.9",
        "@types/json-stable-stringify": "^1.0.32",
        "@types/node": "14 || 16 || 17",
        "chalk": "^4.0.0",
        "json-stable-stringify": "^1.0.1",
        "tslib": "2.4.0"
      },
      "peerDependencies": {
        "ts-jest": "27"
      },
      "peerDependenciesMeta": {
        "ts-jest": {
          "optional": true
        }
      }
    },
    "node_modules/@formatjs/ts-transformer": {
      "version": "3.9.9",
      "resolved": "https://registry.npmjs.org/@formatjs/ts-transformer/-/ts-transformer-3.9.9.tgz",
      "integrity": "sha512-V5BDpn5XW1wWBkpDn5SFHRH4Ndf3oyjxmuqWMxe2EwOKkV4XJvzZI73k3p/Hut3Xg55AxBQQmkFK9hyeBJPyIg==",
      "dependencies": {
        "@formatjs/icu-messageformat-parser": "2.1.4",
        "@types/json-stable-stringify": "^1.0.32",
        "@types/node": "14 || 16 || 17",
        "chalk": "^4.0.0",
        "json-stable-stringify": "^1.0.1",
        "tslib": "2.4.0",
        "typescript": "^4.5"
      },
      "peerDependencies": {
        "ts-jest": "27 || 28"
      },
      "peerDependenciesMeta": {
        "ts-jest": {
          "optional": true
        }
      }
    },
    "node_modules/@swc/core": {
      "version": "1.2.226",
      "resolved": "https://registry.npmjs.org/@swc/core/-/core-1.2.226.tgz",
      "integrity": "sha512-BysUX+vLqErvvBF6jFaOL/AjNyCtfKHPQKqcjd5QzLG4j/kRdHU39nhy9PR2OwIGhWVmlXDjvqhiEJmELjzIKw==",
      "hasInstallScript": true,
      "bin": {
        "swcx": "run_swcx.js"
      },
      "engines": {
        "node": ">=10"
      },
      "funding": {
        "type": "opencollective",
        "url": "https://opencollective.com/swc"
      },
      "optionalDependencies": {
        "@swc/core-android-arm-eabi": "1.2.226",
        "@swc/core-android-arm64": "1.2.226",
        "@swc/core-darwin-arm64": "1.2.226",
        "@swc/core-darwin-x64": "1.2.226",
        "@swc/core-freebsd-x64": "1.2.226",
        "@swc/core-linux-arm-gnueabihf": "1.2.226",
        "@swc/core-linux-arm64-gnu": "1.2.226",
        "@swc/core-linux-arm64-musl": "1.2.226",
        "@swc/core-linux-x64-gnu": "1.2.226",
        "@swc/core-linux-x64-musl": "1.2.226",
        "@swc/core-win32-arm64-msvc": "1.2.226",
        "@swc/core-win32-ia32-msvc": "1.2.226",
        "@swc/core-win32-x64-msvc": "1.2.226"
      }
    },
    "node_modules/@swc/core-android-arm-eabi": {
      "version": "1.2.226",
      "resolved": "https://registry.npmjs.org/@swc/core-android-arm-eabi/-/core-android-arm-eabi-1.2.226.tgz",
      "integrity": "sha512-NSpNCUrhY9t+UsI5CC23WJbEJyBVfAHrLo1NycVdZH9M7fjT2oiA9/eKlNO3Hwvuqz/eQJDOThfQdT+MhGTD1Q==",
      "cpu": [
        "arm"
      ],
      "optional": true,
      "os": [
        "android"
      ],
      "dependencies": {
        "@swc/wasm": "1.2.122"
      },
      "engines": {
        "node": ">=10"
      }
    },
    "node_modules/@swc/core-android-arm64": {
      "version": "1.2.226",
      "resolved": "https://registry.npmjs.org/@swc/core-android-arm64/-/core-android-arm64-1.2.226.tgz",
      "integrity": "sha512-I5YNeMIcIHsH+dvQxVaG0+CCHhx2HywyVKnLsfsVv5LbC8IPd7SgzA8BvOPVKh4lKGAv5X6rfZXBIkkf6JPuIw==",
      "cpu": [
        "arm64"
      ],
      "optional": true,
      "os": [
        "android"
      ],
      "dependencies": {
        "@swc/wasm": "1.2.130"
      },
      "engines": {
        "node": ">=10"
      }
    },
    "node_modules/@swc/core-android-arm64/node_modules/@swc/wasm": {
      "version": "1.2.130",
      "resolved": "https://registry.npmjs.org/@swc/wasm/-/wasm-1.2.130.tgz",
      "integrity": "sha512-rNcJsBxS70+pv8YUWwf5fRlWX6JoY/HJc25HD/F8m6Kv7XhJdqPPMhyX6TKkUBPAG7TWlZYoxa+rHAjPy4Cj3Q==",
      "optional": true
    },
    "node_modules/@swc/core-darwin-arm64": {
      "version": "1.2.226",
      "resolved": "https://registry.npmjs.org/@swc/core-darwin-arm64/-/core-darwin-arm64-1.2.226.tgz",
      "integrity": "sha512-6o82rs+QRA2MGzwVfuDH7pl03Tz7UAuDPG8O7d9Ea17U1BpV2gHHWJ9RQ8JOmQWkY0uKmwhC1sHs5UotLyK2nw==",
      "cpu": [
        "arm64"
      ],
      "optional": true,
      "os": [
        "darwin"
      ],
      "engines": {
        "node": ">=10"
      }
    },
    "node_modules/@swc/core-darwin-x64": {
      "version": "1.2.226",
      "resolved": "https://registry.npmjs.org/@swc/core-darwin-x64/-/core-darwin-x64-1.2.226.tgz",
      "integrity": "sha512-tksDpvjxNSnlWziweE21VZHTVk/Hh1OEn2d8S5aReCGLoaeHY43WWyUfaimruNERsn6KGDIA6sLBdns3S635Rg==",
      "cpu": [
        "x64"
      ],
      "optional": true,
      "os": [
        "darwin"
      ],
      "engines": {
        "node": ">=10"
      }
    },
    "node_modules/@swc/core-freebsd-x64": {
      "version": "1.2.226",
      "resolved": "https://registry.npmjs.org/@swc/core-freebsd-x64/-/core-freebsd-x64-1.2.226.tgz",
      "integrity": "sha512-zXid8Tpj5kwqi/moWOJ+g3NkeF4+ngFH2FTsTuL2+BT2s81Uv8TOG8yxoBCh2Bmsu6r6pfYQ1qI58XxAuqigng==",
      "cpu": [
        "x64"
      ],
      "optional": true,
      "os": [
        "freebsd"
      ],
      "dependencies": {
        "@swc/wasm": "1.2.130"
      },
      "engines": {
        "node": ">=10"
      }
    },
    "node_modules/@swc/core-freebsd-x64/node_modules/@swc/wasm": {
      "version": "1.2.130",
      "resolved": "https://registry.npmjs.org/@swc/wasm/-/wasm-1.2.130.tgz",
      "integrity": "sha512-rNcJsBxS70+pv8YUWwf5fRlWX6JoY/HJc25HD/F8m6Kv7XhJdqPPMhyX6TKkUBPAG7TWlZYoxa+rHAjPy4Cj3Q==",
      "optional": true
    },
    "node_modules/@swc/core-linux-arm-gnueabihf": {
      "version": "1.2.226",
      "resolved": "https://registry.npmjs.org/@swc/core-linux-arm-gnueabihf/-/core-linux-arm-gnueabihf-1.2.226.tgz",
      "integrity": "sha512-koOlopyQhdL0lDtlIyl30caSyiXNTbspJrUJTewGvJjsZGpQiovmOi+DDrfzXxOIfJWDCrQIIbls2MMA0GLuTA==",
      "cpu": [
        "arm"
      ],
      "optional": true,
      "os": [
        "linux"
      ],
      "dependencies": {
        "@swc/wasm": "1.2.130"
      },
      "engines": {
        "node": ">=10"
      }
    },
    "node_modules/@swc/core-linux-arm-gnueabihf/node_modules/@swc/wasm": {
      "version": "1.2.130",
      "resolved": "https://registry.npmjs.org/@swc/wasm/-/wasm-1.2.130.tgz",
      "integrity": "sha512-rNcJsBxS70+pv8YUWwf5fRlWX6JoY/HJc25HD/F8m6Kv7XhJdqPPMhyX6TKkUBPAG7TWlZYoxa+rHAjPy4Cj3Q==",
      "optional": true
    },
    "node_modules/@swc/core-linux-arm64-gnu": {
      "version": "1.2.226",
      "resolved": "https://registry.npmjs.org/@swc/core-linux-arm64-gnu/-/core-linux-arm64-gnu-1.2.226.tgz",
      "integrity": "sha512-ySAnTqza/K71tPL34Z1TTUbtklF+XUkmA7fgS54E7tSwrCBjL7hilku1LgRbB0hi02vNzWhq9bv3LEc7eYLFWw==",
      "cpu": [
        "arm64"
      ],
      "optional": true,
      "os": [
        "linux"
      ],
      "engines": {
        "node": ">=10"
      }
    },
    "node_modules/@swc/core-linux-arm64-musl": {
      "version": "1.2.226",
      "resolved": "https://registry.npmjs.org/@swc/core-linux-arm64-musl/-/core-linux-arm64-musl-1.2.226.tgz",
      "integrity": "sha512-avLx5Qoh+NUuS2mnO4phwGgEnWzbSFIUK3IzIIyizGLXig4zT+ZAzVjuBAI4wJcwyVFoqPDgEYAjQQ0R32ygEA==",
      "cpu": [
        "arm64"
      ],
      "optional": true,
      "os": [
        "linux"
      ],
      "engines": {
        "node": ">=10"
      }
    },
    "node_modules/@swc/core-linux-x64-gnu": {
      "version": "1.2.226",
      "resolved": "https://registry.npmjs.org/@swc/core-linux-x64-gnu/-/core-linux-x64-gnu-1.2.226.tgz",
      "integrity": "sha512-7nsPuFRtmgjVGo7jHcdX21c/TTzXsWn0LZLdharXagx8zkOT02Cwg852jFV1goODahnMRragCLF65PfbXdHNcw==",
      "cpu": [
        "x64"
      ],
      "optional": true,
      "os": [
        "linux"
      ],
      "engines": {
        "node": ">=10"
      }
    },
    "node_modules/@swc/core-linux-x64-musl": {
      "version": "1.2.226",
      "resolved": "https://registry.npmjs.org/@swc/core-linux-x64-musl/-/core-linux-x64-musl-1.2.226.tgz",
      "integrity": "sha512-74ZO+5zMnx2LnbwH4uPQeFnivOfN24uEFX3Gxu6KFAbcEpxpTW98jlBjXgfgU8iK/YwcGWngtu3jj8tQw0vNvw==",
      "cpu": [
        "x64"
      ],
      "optional": true,
      "os": [
        "linux"
      ],
      "engines": {
        "node": ">=10"
      }
    },
    "node_modules/@swc/core-win32-arm64-msvc": {
      "version": "1.2.226",
      "resolved": "https://registry.npmjs.org/@swc/core-win32-arm64-msvc/-/core-win32-arm64-msvc-1.2.226.tgz",
      "integrity": "sha512-+C40Bc0K28X38mP3LRa/Y7oVdXs2AEM+Z5b4HjXrBUArgk3pwEpyFox8jkiEmCy8fT5lmNpPqwgH35AbTD0tmA==",
      "cpu": [
        "arm64"
      ],
      "optional": true,
      "os": [
        "win32"
      ],
      "dependencies": {
        "@swc/wasm": "1.2.130"
      },
      "engines": {
        "node": ">=10"
      }
    },
    "node_modules/@swc/core-win32-arm64-msvc/node_modules/@swc/wasm": {
      "version": "1.2.130",
      "resolved": "https://registry.npmjs.org/@swc/wasm/-/wasm-1.2.130.tgz",
      "integrity": "sha512-rNcJsBxS70+pv8YUWwf5fRlWX6JoY/HJc25HD/F8m6Kv7XhJdqPPMhyX6TKkUBPAG7TWlZYoxa+rHAjPy4Cj3Q==",
      "optional": true
    },
    "node_modules/@swc/core-win32-ia32-msvc": {
      "version": "1.2.226",
      "resolved": "https://registry.npmjs.org/@swc/core-win32-ia32-msvc/-/core-win32-ia32-msvc-1.2.226.tgz",
      "integrity": "sha512-9A72iY5k2S8NyFTH35KuQ1zfIx9wSsVoPjGWlB5wGlHtgytykAc4xQrVldPiquRCbbZpWetOB1gbb2e4I+w2DQ==",
      "cpu": [
        "ia32"
      ],
      "optional": true,
      "os": [
        "win32"
      ],
      "dependencies": {
        "@swc/wasm": "1.2.130"
      },
      "engines": {
        "node": ">=10"
      }
    },
    "node_modules/@swc/core-win32-ia32-msvc/node_modules/@swc/wasm": {
      "version": "1.2.130",
      "resolved": "https://registry.npmjs.org/@swc/wasm/-/wasm-1.2.130.tgz",
      "integrity": "sha512-rNcJsBxS70+pv8YUWwf5fRlWX6JoY/HJc25HD/F8m6Kv7XhJdqPPMhyX6TKkUBPAG7TWlZYoxa+rHAjPy4Cj3Q==",
      "optional": true
    },
    "node_modules/@swc/core-win32-x64-msvc": {
      "version": "1.2.226",
      "resolved": "https://registry.npmjs.org/@swc/core-win32-x64-msvc/-/core-win32-x64-msvc-1.2.226.tgz",
      "integrity": "sha512-hlYd3aX5poo3MsN9sx/aafaBMwbxzz/eoQeCSphlb0lA4WCQP2+CuyPPDaMy5jILglCBXRM2sxtIffiTT4eCyw==",
      "cpu": [
        "x64"
      ],
      "optional": true,
      "os": [
        "win32"
      ],
      "engines": {
        "node": ">=10"
      }
    },
    "node_modules/@swc/wasm": {
      "version": "1.2.122",
      "resolved": "https://registry.npmjs.org/@swc/wasm/-/wasm-1.2.122.tgz",
      "integrity": "sha512-sM1VCWQxmNhFtdxME+8UXNyPNhxNu7zdb6ikWpz0YKAQQFRGT5ThZgJrubEpah335SUToNg8pkdDF7ibVCjxbQ==",
      "optional": true
    },
    "node_modules/@types/json-stable-stringify": {
      "version": "1.0.34",
      "resolved": "https://registry.npmjs.org/@types/json-stable-stringify/-/json-stable-stringify-1.0.34.tgz",
      "integrity": "sha512-s2cfwagOQAS8o06TcwKfr9Wx11dNGbH2E9vJz1cqV+a/LOyhWNLUNd6JSRYNzvB4d29UuJX2M0Dj9vE1T8fRXw=="
    },
    "node_modules/@types/node": {
      "version": "17.0.45",
      "resolved": "https://registry.npmjs.org/@types/node/-/node-17.0.45.tgz",
      "integrity": "sha512-w+tIMs3rq2afQdsPJlODhoUEKzFP1ayaoyl1CcnwtIlsVe7K7bA1NGm4s3PraqTLlXnbIN84zuBlxBWo1u9BLw=="
    },
    "node_modules/ansi-styles": {
      "version": "4.3.0",
      "resolved": "https://registry.npmjs.org/ansi-styles/-/ansi-styles-4.3.0.tgz",
      "integrity": "sha512-zbB9rCJAT1rbjiVDb2hqKFHNYLxgtk8NURxZ3IZwD3F6NtxbXZQCnnSi1Lkx+IDohdPlFp222wVALIheZJQSEg==",
      "dependencies": {
        "color-convert": "^2.0.1"
      },
      "engines": {
        "node": ">=8"
      },
      "funding": {
        "url": "https://github.com/chalk/ansi-styles?sponsor=1"
      }
    },
    "node_modules/chalk": {
      "version": "4.1.2",
      "resolved": "https://registry.npmjs.org/chalk/-/chalk-4.1.2.tgz",
      "integrity": "sha512-oKnbhFyRIXpUuez8iBMmyEa4nbj4IOQyuhc/wy9kY7/WVPcwIO9VA668Pu8RkO7+0G76SLROeyw9CpQ061i4mA==",
      "dependencies": {
        "ansi-styles": "^4.1.0",
        "supports-color": "^7.1.0"
      },
      "engines": {
        "node": ">=10"
      },
      "funding": {
        "url": "https://github.com/chalk/chalk?sponsor=1"
      }
    },
    "node_modules/color-convert": {
      "version": "2.0.1",
      "resolved": "https://registry.npmjs.org/color-convert/-/color-convert-2.0.1.tgz",
      "integrity": "sha512-RRECPsj7iu/xb5oKYcsFHSppFNnsj/52OVTRKb4zP5onXwVF3zVmmToNcOfGC+CRDpfK/U584fMg38ZHCaElKQ==",
      "dependencies": {
        "color-name": "~1.1.4"
      },
      "engines": {
        "node": ">=7.0.0"
      }
    },
    "node_modules/color-name": {
      "version": "1.1.4",
      "resolved": "https://registry.npmjs.org/color-name/-/color-name-1.1.4.tgz",
      "integrity": "sha512-dOy+3AuW3a2wNbZHIuMZpTcgjGuLU/uBL/ubcZF9OXbDo8ff4O8yVp5Bf0efS8uEoYo5q4Fx7dY9OgQGXgAsQA=="
    },
    "node_modules/has-flag": {
      "version": "4.0.0",
      "resolved": "https://registry.npmjs.org/has-flag/-/has-flag-4.0.0.tgz",
      "integrity": "sha512-EykJT/Q1KjTWctppgIAgfSO0tKVuZUjhgMr17kqTumMl6Afv3EISleU7qZUzoXDFTAHTDC4NOoG/ZxU3EvlMPQ==",
      "engines": {
        "node": ">=8"
      }
    },
    "node_modules/json-stable-stringify": {
      "version": "1.0.1",
      "resolved": "https://registry.npmjs.org/json-stable-stringify/-/json-stable-stringify-1.0.1.tgz",
      "integrity": "sha512-i/J297TW6xyj7sDFa7AmBPkQvLIxWr2kKPWI26tXydnZrzVAocNqn5DMNT1Mzk0vit1V5UkRM7C1KdVNp7Lmcg==",
      "dependencies": {
        "jsonify": "~0.0.0"
      }
    },
    "node_modules/jsonify": {
      "version": "0.0.0",
      "resolved": "https://registry.npmjs.org/jsonify/-/jsonify-0.0.0.tgz",
      "integrity": "sha512-trvBk1ki43VZptdBI5rIlG4YOzyeH/WefQt5rj1grasPn4iiZWKet8nkgc4GlsAylaztn0qZfUYOiTsASJFdNA==",
      "engines": {
        "node": "*"
      }
    },
    "node_modules/supports-color": {
      "version": "7.2.0",
      "resolved": "https://registry.npmjs.org/supports-color/-/supports-color-7.2.0.tgz",
      "integrity": "sha512-qpCAvRl9stuOHveKsn7HncJRvv501qIacKzQlO/+Lwxc9+0q2wLyv4Dfvt80/DPn2pqOBsJdDiogXGR9+OvwRw==",
      "dependencies": {
        "has-flag": "^4.0.0"
      },
      "engines": {
        "node": ">=8"
      }
    },
    "node_modules/tslib": {
      "version": "2.4.0",
      "resolved": "https://registry.npmjs.org/tslib/-/tslib-2.4.0.tgz",
      "integrity": "sha512-d6xOpEDfsi2CZVlPQzGeux8XMwLT9hssAsaPYExaQMuYskwb+x1x7J371tWlbBdWHroy99KnVB6qIkUbs5X3UQ=="
    },
    "node_modules/typescript": {
      "version": "4.7.4",
      "resolved": "https://registry.npmjs.org/typescript/-/typescript-4.7.4.tgz",
      "integrity": "sha512-C0WQT0gezHuw6AdY1M2jxUO83Rjf0HP7Sk1DtXj6j1EwkQNZrHAg2XPWlq62oqEhYvONq5pkC2Y9oPljWToLmQ==",
      "bin": {
        "tsc": "bin/tsc",
        "tsserver": "bin/tsserver"
      },
      "engines": {
        "node": ">=4.2.0"
      }
    }
  },
  "dependencies": {
    "@formatjs/ecma402-abstract": {
      "version": "1.11.8",
      "resolved": "https://registry.npmjs.org/@formatjs/ecma402-abstract/-/ecma402-abstract-1.11.8.tgz",
      "integrity": "sha512-fgLqyWlwmTEuqV/TSLEL/t9JOmHNLFvCdgzXB0jc2w+WOItPCOJ1T0eyN6fQBQKRPfSqqNlu+kWj7ijcOVTVVQ==",
      "requires": {
        "@formatjs/intl-localematcher": "0.2.28",
        "tslib": "2.4.0"
      }
    },
    "@formatjs/icu-messageformat-parser": {
      "version": "2.1.4",
      "resolved": "https://registry.npmjs.org/@formatjs/icu-messageformat-parser/-/icu-messageformat-parser-2.1.4.tgz",
      "integrity": "sha512-3PqMvKWV1oyok0BuiXUAHIaotdhdTJw6OICqCZbfUgKT+ZRwRWO4IlCgvXJeCITaKS5p+PY0XXKjf/vUyIpWjQ==",
      "requires": {
        "@formatjs/ecma402-abstract": "1.11.8",
        "@formatjs/icu-skeleton-parser": "1.3.10",
        "tslib": "2.4.0"
      }
    },
    "@formatjs/icu-skeleton-parser": {
      "version": "1.3.10",
      "resolved": "https://registry.npmjs.org/@formatjs/icu-skeleton-parser/-/icu-skeleton-parser-1.3.10.tgz",
      "integrity": "sha512-kXJmtLDqFF5aLTf8IxdJXnhrIX1Qb4Qp3a9jqRecGDYfzOa9hMhi9U0nKyhrJJ4cXxBzptcgb+LWkyeHL6nlBQ==",
      "requires": {
        "@formatjs/ecma402-abstract": "1.11.8",
        "tslib": "2.4.0"
      }
    },
    "@formatjs/intl-localematcher": {
      "version": "0.2.28",
      "resolved": "https://registry.npmjs.org/@formatjs/intl-localematcher/-/intl-localematcher-0.2.28.tgz",
      "integrity": "sha512-FLsc6Gifs1np/8HnCn/7Q+lHMmenrD5fuDhRT82yj0gi9O19kfaFwjQUw1gZsyILuRyT93GuzdifHj7TKRhBcw==",
      "requires": {
        "tslib": "2.4.0"
      }
    },
    "@formatjs/swc-plugin": {
      "version": "1.4.6",
      "resolved": "https://registry.npmjs.org/@formatjs/swc-plugin/-/swc-plugin-1.4.6.tgz",
      "integrity": "sha512-aXGyiBgY35kYlWp0jBty2/CimiPFNrhVml2pMCJW73WjcZM+JORAJa+Q0PO58R2P9Y3iS//Ng7I5/g3WHWJgJg==",
      "requires": {
        "@formatjs/icu-messageformat-parser": "2.1.4",
        "@formatjs/ts-transformer": "3.9.9",
        "@types/json-stable-stringify": "^1.0.32",
        "@types/node": "14 || 16 || 17",
        "chalk": "^4.0.0",
        "json-stable-stringify": "^1.0.1",
        "tslib": "2.4.0"
      }
    },
    "@formatjs/ts-transformer": {
      "version": "3.9.9",
      "resolved": "https://registry.npmjs.org/@formatjs/ts-transformer/-/ts-transformer-3.9.9.tgz",
      "integrity": "sha512-V5BDpn5XW1wWBkpDn5SFHRH4Ndf3oyjxmuqWMxe2EwOKkV4XJvzZI73k3p/Hut3Xg55AxBQQmkFK9hyeBJPyIg==",
      "requires": {
        "@formatjs/icu-messageformat-parser": "2.1.4",
        "@types/json-stable-stringify": "^1.0.32",
        "@types/node": "14 || 16 || 17",
        "chalk": "^4.0.0",
        "json-stable-stringify": "^1.0.1",
        "tslib": "2.4.0",
        "typescript": "^4.5"
      }
    },
    "@swc/core": {
      "version": "1.2.226",
      "resolved": "https://registry.npmjs.org/@swc/core/-/core-1.2.226.tgz",
      "integrity": "sha512-BysUX+vLqErvvBF6jFaOL/AjNyCtfKHPQKqcjd5QzLG4j/kRdHU39nhy9PR2OwIGhWVmlXDjvqhiEJmELjzIKw==",
      "requires": {
        "@swc/core-android-arm-eabi": "1.2.226",
        "@swc/core-android-arm64": "1.2.226",
        "@swc/core-darwin-arm64": "1.2.226",
        "@swc/core-darwin-x64": "1.2.226",
        "@swc/core-freebsd-x64": "1.2.226",
        "@swc/core-linux-arm-gnueabihf": "1.2.226",
        "@swc/core-linux-arm64-gnu": "1.2.226",
        "@swc/core-linux-arm64-musl": "1.2.226",
        "@swc/core-linux-x64-gnu": "1.2.226",
        "@swc/core-linux-x64-musl": "1.2.226",
        "@swc/core-win32-arm64-msvc": "1.2.226",
        "@swc/core-win32-ia32-msvc": "1.2.226",
        "@swc/core-win32-x64-msvc": "1.2.226"
      }
    },
    "@swc/core-android-arm-eabi": {
      "version": "1.2.226",
      "resolved": "https://registry.npmjs.org/@swc/core-android-arm-eabi/-/core-android-arm-eabi-1.2.226.tgz",
      "integrity": "sha512-NSpNCUrhY9t+UsI5CC23WJbEJyBVfAHrLo1NycVdZH9M7fjT2oiA9/eKlNO3Hwvuqz/eQJDOThfQdT+MhGTD1Q==",
      "optional": true,
      "requires": {
        "@swc/wasm": "1.2.122"
      }
    },
    "@swc/core-android-arm64": {
      "version": "1.2.226",
      "resolved": "https://registry.npmjs.org/@swc/core-android-arm64/-/core-android-arm64-1.2.226.tgz",
      "integrity": "sha512-I5YNeMIcIHsH+dvQxVaG0+CCHhx2HywyVKnLsfsVv5LbC8IPd7SgzA8BvOPVKh4lKGAv5X6rfZXBIkkf6JPuIw==",
      "optional": true,
      "requires": {
        "@swc/wasm": "1.2.130"
      },
      "dependencies": {
        "@swc/wasm": {
          "version": "1.2.130",
          "resolved": "https://registry.npmjs.org/@swc/wasm/-/wasm-1.2.130.tgz",
          "integrity": "sha512-rNcJsBxS70+pv8YUWwf5fRlWX6JoY/HJc25HD/F8m6Kv7XhJdqPPMhyX6TKkUBPAG7TWlZYoxa+rHAjPy4Cj3Q==",
          "optional": true
        }
      }
    },
    "@swc/core-darwin-arm64": {
      "version": "1.2.226",
      "resolved": "https://registry.npmjs.org/@swc/core-darwin-arm64/-/core-darwin-arm64-1.2.226.tgz",
      "integrity": "sha512-6o82rs+QRA2MGzwVfuDH7pl03Tz7UAuDPG8O7d9Ea17U1BpV2gHHWJ9RQ8JOmQWkY0uKmwhC1sHs5UotLyK2nw==",
      "optional": true
    },
    "@swc/core-darwin-x64": {
      "version": "1.2.226",
      "resolved": "https://registry.npmjs.org/@swc/core-darwin-x64/-/core-darwin-x64-1.2.226.tgz",
      "integrity": "sha512-tksDpvjxNSnlWziweE21VZHTVk/Hh1OEn2d8S5aReCGLoaeHY43WWyUfaimruNERsn6KGDIA6sLBdns3S635Rg==",
      "optional": true
    },
    "@swc/core-freebsd-x64": {
      "version": "1.2.226",
      "resolved": "https://registry.npmjs.org/@swc/core-freebsd-x64/-/core-freebsd-x64-1.2.226.tgz",
      "integrity": "sha512-zXid8Tpj5kwqi/moWOJ+g3NkeF4+ngFH2FTsTuL2+BT2s81Uv8TOG8yxoBCh2Bmsu6r6pfYQ1qI58XxAuqigng==",
      "optional": true,
      "requires": {
        "@swc/wasm": "1.2.130"
      },
      "dependencies": {
        "@swc/wasm": {
          "version": "1.2.130",
          "resolved": "https://registry.npmjs.org/@swc/wasm/-/wasm-1.2.130.tgz",
          "integrity": "sha512-rNcJsBxS70+pv8YUWwf5fRlWX6JoY/HJc25HD/F8m6Kv7XhJdqPPMhyX6TKkUBPAG7TWlZYoxa+rHAjPy4Cj3Q==",
          "optional": true
        }
      }
    },
    "@swc/core-linux-arm-gnueabihf": {
      "version": "1.2.226",
      "resolved": "https://registry.npmjs.org/@swc/core-linux-arm-gnueabihf/-/core-linux-arm-gnueabihf-1.2.226.tgz",
      "integrity": "sha512-koOlopyQhdL0lDtlIyl30caSyiXNTbspJrUJTewGvJjsZGpQiovmOi+DDrfzXxOIfJWDCrQIIbls2MMA0GLuTA==",
      "optional": true,
      "requires": {
        "@swc/wasm": "1.2.130"
      },
      "dependencies": {
        "@swc/wasm": {
          "version": "1.2.130",
          "resolved": "https://registry.npmjs.org/@swc/wasm/-/wasm-1.2.130.tgz",
          "integrity": "sha512-rNcJsBxS70+pv8YUWwf5fRlWX6JoY/HJc25HD/F8m6Kv7XhJdqPPMhyX6TKkUBPAG7TWlZYoxa+rHAjPy4Cj3Q==",
          "optional": true
        }
      }
    },
    "@swc/core-linux-arm64-gnu": {
      "version": "1.2.226",
      "resolved": "https://registry.npmjs.org/@swc/core-linux-arm64-gnu/-/core-linux-arm64-gnu-1.2.226.tgz",
      "integrity": "sha512-ySAnTqza/K71tPL34Z1TTUbtklF+XUkmA7fgS54E7tSwrCBjL7hilku1LgRbB0hi02vNzWhq9bv3LEc7eYLFWw==",
      "optional": true
    },
    "@swc/core-linux-arm64-musl": {
      "version": "1.2.226",
      "resolved": "https://registry.npmjs.org/@swc/core-linux-arm64-musl/-/core-linux-arm64-musl-1.2.226.tgz",
      "integrity": "sha512-avLx5Qoh+NUuS2mnO4phwGgEnWzbSFIUK3IzIIyizGLXig4zT+ZAzVjuBAI4wJcwyVFoqPDgEYAjQQ0R32ygEA==",
      "optional": true
    },
    "@swc/core-linux-x64-gnu": {
      "version": "1.2.226",
      "resolved": "https://registry.npmjs.org/@swc/core-linux-x64-gnu/-/core-linux-x64-gnu-1.2.226.tgz",
      "integrity": "sha512-7nsPuFRtmgjVGo7jHcdX21c/TTzXsWn0LZLdharXagx8zkOT02Cwg852jFV1goODahnMRragCLF65PfbXdHNcw==",
      "optional": true
    },
    "@swc/core-linux-x64-musl": {
      "version": "1.2.226",
      "resolved": "https://registry.npmjs.org/@swc/core-linux-x64-musl/-/core-linux-x64-musl-1.2.226.tgz",
      "integrity": "sha512-74ZO+5zMnx2LnbwH4uPQeFnivOfN24uEFX3Gxu6KFAbcEpxpTW98jlBjXgfgU8iK/YwcGWngtu3jj8tQw0vNvw==",
      "optional": true
    },
    "@swc/core-win32-arm64-msvc": {
      "version": "1.2.226",
      "resolved": "https://registry.npmjs.org/@swc/core-win32-arm64-msvc/-/core-win32-arm64-msvc-1.2.226.tgz",
      "integrity": "sha512-+C40Bc0K28X38mP3LRa/Y7oVdXs2AEM+Z5b4HjXrBUArgk3pwEpyFox8jkiEmCy8fT5lmNpPqwgH35AbTD0tmA==",
      "optional": true,
      "requires": {
        "@swc/wasm": "1.2.130"
      },
      "dependencies": {
        "@swc/wasm": {
          "version": "1.2.130",
          "resolved": "https://registry.npmjs.org/@swc/wasm/-/wasm-1.2.130.tgz",
          "integrity": "sha512-rNcJsBxS70+pv8YUWwf5fRlWX6JoY/HJc25HD/F8m6Kv7XhJdqPPMhyX6TKkUBPAG7TWlZYoxa+rHAjPy4Cj3Q==",
          "optional": true
        }
      }
    },
    "@swc/core-win32-ia32-msvc": {
      "version": "1.2.226",
      "resolved": "https://registry.npmjs.org/@swc/core-win32-ia32-msvc/-/core-win32-ia32-msvc-1.2.226.tgz",
      "integrity": "sha512-9A72iY5k2S8NyFTH35KuQ1zfIx9wSsVoPjGWlB5wGlHtgytykAc4xQrVldPiquRCbbZpWetOB1gbb2e4I+w2DQ==",
      "optional": true,
      "requires": {
        "@swc/wasm": "1.2.130"
      },
      "dependencies": {
        "@swc/wasm": {
          "version": "1.2.130",
          "resolved": "https://registry.npmjs.org/@swc/wasm/-/wasm-1.2.130.tgz",
          "integrity": "sha512-rNcJsBxS70+pv8YUWwf5fRlWX6JoY/HJc25HD/F8m6Kv7XhJdqPPMhyX6TKkUBPAG7TWlZYoxa+rHAjPy4Cj3Q==",
          "optional": true
        }
      }
    },
    "@swc/core-win32-x64-msvc": {
      "version": "1.2.226",
      "resolved": "https://registry.npmjs.org/@swc/core-win32-x64-msvc/-/core-win32-x64-msvc-1.2.226.tgz",
      "integrity": "sha512-hlYd3aX5poo3MsN9sx/aafaBMwbxzz/eoQeCSphlb0lA4WCQP2+CuyPPDaMy5jILglCBXRM2sxtIffiTT4eCyw==",
      "optional": true
    },
    "@swc/wasm": {
      "version": "1.2.122",
      "resolved": "https://registry.npmjs.org/@swc/wasm/-/wasm-1.2.122.tgz",
      "integrity": "sha512-sM1VCWQxmNhFtdxME+8UXNyPNhxNu7zdb6ikWpz0YKAQQFRGT5ThZgJrubEpah335SUToNg8pkdDF7ibVCjxbQ==",
      "optional": true
    },
    "@types/json-stable-stringify": {
      "version": "1.0.34",
      "resolved": "https://registry.npmjs.org/@types/json-stable-stringify/-/json-stable-stringify-1.0.34.tgz",
      "integrity": "sha512-s2cfwagOQAS8o06TcwKfr9Wx11dNGbH2E9vJz1cqV+a/LOyhWNLUNd6JSRYNzvB4d29UuJX2M0Dj9vE1T8fRXw=="
    },
    "@types/node": {
      "version": "17.0.45",
      "resolved": "https://registry.npmjs.org/@types/node/-/node-17.0.45.tgz",
      "integrity": "sha512-w+tIMs3rq2afQdsPJlODhoUEKzFP1ayaoyl1CcnwtIlsVe7K7bA1NGm4s3PraqTLlXnbIN84zuBlxBWo1u9BLw=="
    },
    "ansi-styles": {
      "version": "4.3.0",
      "resolved": "https://registry.npmjs.org/ansi-styles/-/ansi-styles-4.3.0.tgz",
      "integrity": "sha512-zbB9rCJAT1rbjiVDb2hqKFHNYLxgtk8NURxZ3IZwD3F6NtxbXZQCnnSi1Lkx+IDohdPlFp222wVALIheZJQSEg==",
      "requires": {
        "color-convert": "^2.0.1"
      }
    },
    "chalk": {
      "version": "4.1.2",
      "resolved": "https://registry.npmjs.org/chalk/-/chalk-4.1.2.tgz",
      "integrity": "sha512-oKnbhFyRIXpUuez8iBMmyEa4nbj4IOQyuhc/wy9kY7/WVPcwIO9VA668Pu8RkO7+0G76SLROeyw9CpQ061i4mA==",
      "requires": {
        "ansi-styles": "^4.1.0",
        "supports-color": "^7.1.0"
      }
    },
    "color-convert": {
      "version": "2.0.1",
      "resolved": "https://registry.npmjs.org/color-convert/-/color-convert-2.0.1.tgz",
      "integrity": "sha512-RRECPsj7iu/xb5oKYcsFHSppFNnsj/52OVTRKb4zP5onXwVF3zVmmToNcOfGC+CRDpfK/U584fMg38ZHCaElKQ==",
      "requires": {
        "color-name": "~1.1.4"
      }
    },
    "color-name": {
      "version": "1.1.4",
      "resolved": "https://registry.npmjs.org/color-name/-/color-name-1.1.4.tgz",
      "integrity": "sha512-dOy+3AuW3a2wNbZHIuMZpTcgjGuLU/uBL/ubcZF9OXbDo8ff4O8yVp5Bf0efS8uEoYo5q4Fx7dY9OgQGXgAsQA=="
    },
    "has-flag": {
      "version": "4.0.0",
      "resolved": "https://registry.npmjs.org/has-flag/-/has-flag-4.0.0.tgz",
      "integrity": "sha512-EykJT/Q1KjTWctppgIAgfSO0tKVuZUjhgMr17kqTumMl6Afv3EISleU7qZUzoXDFTAHTDC4NOoG/ZxU3EvlMPQ=="
    },
    "json-stable-stringify": {
      "version": "1.0.1",
      "resolved": "https://registry.npmjs.org/json-stable-stringify/-/json-stable-stringify-1.0.1.tgz",
      "integrity": "sha512-i/J297TW6xyj7sDFa7AmBPkQvLIxWr2kKPWI26tXydnZrzVAocNqn5DMNT1Mzk0vit1V5UkRM7C1KdVNp7Lmcg==",
      "requires": {
        "jsonify": "~0.0.0"
      }
    },
    "jsonify": {
      "version": "0.0.0",
      "resolved": "https://registry.npmjs.org/jsonify/-/jsonify-0.0.0.tgz",
      "integrity": "sha512-trvBk1ki43VZptdBI5rIlG4YOzyeH/WefQt5rj1grasPn4iiZWKet8nkgc4GlsAylaztn0qZfUYOiTsASJFdNA=="
    },
    "supports-color": {
      "version": "7.2.0",
      "resolved": "https://registry.npmjs.org/supports-color/-/supports-color-7.2.0.tgz",
      "integrity": "sha512-qpCAvRl9stuOHveKsn7HncJRvv501qIacKzQlO/+Lwxc9+0q2wLyv4Dfvt80/DPn2pqOBsJdDiogXGR9+OvwRw==",
      "requires": {
        "has-flag": "^4.0.0"
      }
    },
    "tslib": {
      "version": "2.4.0",
      "resolved": "https://registry.npmjs.org/tslib/-/tslib-2.4.0.tgz",
      "integrity": "sha512-d6xOpEDfsi2CZVlPQzGeux8XMwLT9hssAsaPYExaQMuYskwb+x1x7J371tWlbBdWHroy99KnVB6qIkUbs5X3UQ=="
    },
    "typescript": {
      "version": "4.7.4",
      "resolved": "https://registry.npmjs.org/typescript/-/typescript-4.7.4.tgz",
      "integrity": "sha512-C0WQT0gezHuw6AdY1M2jxUO83Rjf0HP7Sk1DtXj6j1EwkQNZrHAg2XPWlq62oqEhYvONq5pkC2Y9oPljWToLmQ=="
    }
  }
}
